// !$*UTF8*$!
{
	archiveVersion = 1;
	classes = {
	};
	objectVersion = 46;
	objects = {

/* Begin PBXBuildFile section */
		29E609341D2238B100B529B0 /* AppDelegate.swift in Sources */ = {isa = PBXBuildFile; fileRef = 29E609331D2238B100B529B0 /* AppDelegate.swift */; };
		29E609361D2238B100B529B0 /* ViewController.swift in Sources */ = {isa = PBXBuildFile; fileRef = 29E609351D2238B100B529B0 /* ViewController.swift */; };
		29E609391D2238B100B529B0 /* Main.storyboard in Resources */ = {isa = PBXBuildFile; fileRef = 29E609371D2238B100B529B0 /* Main.storyboard */; };
		29E6093B1D2238B100B529B0 /* Assets.xcassets in Resources */ = {isa = PBXBuildFile; fileRef = 29E6093A1D2238B100B529B0 /* Assets.xcassets */; };
		29E6093E1D2238B100B529B0 /* LaunchScreen.storyboard in Resources */ = {isa = PBXBuildFile; fileRef = 29E6093C1D2238B100B529B0 /* LaunchScreen.storyboard */; };
		29E609491D2238B100B529B0 /* CIStarter_iOSTests.swift in Sources */ = {isa = PBXBuildFile; fileRef = 29E609481D2238B100B529B0 /* CIStarter_iOSTests.swift */; };
		29E609541D2238B100B529B0 /* CIStarter_iOSUITests.swift in Sources */ = {isa = PBXBuildFile; fileRef = 29E609531D2238B100B529B0 /* CIStarter_iOSUITests.swift */; };
/* End PBXBuildFile section */

/* Begin PBXContainerItemProxy section */
		29E609451D2238B100B529B0 /* PBXContainerItemProxy */ = {
			isa = PBXContainerItemProxy;
			containerPortal = 29E609281D2238B100B529B0 /* Project object */;
			proxyType = 1;
			remoteGlobalIDString = 29E6092F1D2238B100B529B0;
			remoteInfo = CIStarter_iOS;
		};
		29E609501D2238B100B529B0 /* PBXContainerItemProxy */ = {
			isa = PBXContainerItemProxy;
			containerPortal = 29E609281D2238B100B529B0 /* Project object */;
			proxyType = 1;
			remoteGlobalIDString = 29E6092F1D2238B100B529B0;
			remoteInfo = CIStarter_iOS;
		};
/* End PBXContainerItemProxy section */

/* Begin PBXFileReference section */
		29E609301D2238B100B529B0 /* CIStarter_iOS.app */ = {isa = PBXFileReference; explicitFileType = wrapper.application; includeInIndex = 0; path = CIStarter_iOS.app; sourceTree = BUILT_PRODUCTS_DIR; };
		29E609331D2238B100B529B0 /* AppDelegate.swift */ = {isa = PBXFileReference; lastKnownFileType = sourcecode.swift; path = AppDelegate.swift; sourceTree = "<group>"; };
		29E609351D2238B100B529B0 /* ViewController.swift */ = {isa = PBXFileReference; lastKnownFileType = sourcecode.swift; path = ViewController.swift; sourceTree = "<group>"; };
		29E609381D2238B100B529B0 /* Base */ = {isa = PBXFileReference; lastKnownFileType = file.storyboard; name = Base; path = Base.lproj/Main.storyboard; sourceTree = "<group>"; };
		29E6093A1D2238B100B529B0 /* Assets.xcassets */ = {isa = PBXFileReference; lastKnownFileType = folder.assetcatalog; path = Assets.xcassets; sourceTree = "<group>"; };
		29E6093D1D2238B100B529B0 /* Base */ = {isa = PBXFileReference; lastKnownFileType = file.storyboard; name = Base; path = Base.lproj/LaunchScreen.storyboard; sourceTree = "<group>"; };
		29E6093F1D2238B100B529B0 /* Info.plist */ = {isa = PBXFileReference; lastKnownFileType = text.plist.xml; path = Info.plist; sourceTree = "<group>"; };
		29E609441D2238B100B529B0 /* CIStarter_iOSTests.xctest */ = {isa = PBXFileReference; explicitFileType = wrapper.cfbundle; includeInIndex = 0; path = CIStarter_iOSTests.xctest; sourceTree = BUILT_PRODUCTS_DIR; };
		29E609481D2238B100B529B0 /* CIStarter_iOSTests.swift */ = {isa = PBXFileReference; lastKnownFileType = sourcecode.swift; path = CIStarter_iOSTests.swift; sourceTree = "<group>"; };
		29E6094A1D2238B100B529B0 /* Info.plist */ = {isa = PBXFileReference; lastKnownFileType = text.plist.xml; path = Info.plist; sourceTree = "<group>"; };
		29E6094F1D2238B100B529B0 /* CIStarter_iOSUITests.xctest */ = {isa = PBXFileReference; explicitFileType = wrapper.cfbundle; includeInIndex = 0; path = CIStarter_iOSUITests.xctest; sourceTree = BUILT_PRODUCTS_DIR; };
		29E609531D2238B100B529B0 /* CIStarter_iOSUITests.swift */ = {isa = PBXFileReference; lastKnownFileType = sourcecode.swift; path = CIStarter_iOSUITests.swift; sourceTree = "<group>"; };
		29E609551D2238B100B529B0 /* Info.plist */ = {isa = PBXFileReference; lastKnownFileType = text.plist.xml; path = Info.plist; sourceTree = "<group>"; };
/* End PBXFileReference section */

/* Begin PBXFrameworksBuildPhase section */
		29E6092D1D2238B100B529B0 /* Frameworks */ = {
			isa = PBXFrameworksBuildPhase;
			buildActionMask = 2147483647;
			files = (
			);
			runOnlyForDeploymentPostprocessing = 0;
		};
		29E609411D2238B100B529B0 /* Frameworks */ = {
			isa = PBXFrameworksBuildPhase;
			buildActionMask = 2147483647;
			files = (
			);
			runOnlyForDeploymentPostprocessing = 0;
		};
		29E6094C1D2238B100B529B0 /* Frameworks */ = {
			isa = PBXFrameworksBuildPhase;
			buildActionMask = 2147483647;
			files = (
			);
			runOnlyForDeploymentPostprocessing = 0;
		};
/* End PBXFrameworksBuildPhase section */

/* Begin PBXGroup section */
		29E609271D2238B100B529B0 = {
			isa = PBXGroup;
			children = (
				29E609321D2238B100B529B0 /* CIStarter_iOS */,
				29E609471D2238B100B529B0 /* CIStarter_iOSTests */,
				29E609521D2238B100B529B0 /* CIStarter_iOSUITests */,
				29E609311D2238B100B529B0 /* Products */,
			);
			sourceTree = "<group>";
		};
		29E609311D2238B100B529B0 /* Products */ = {
			isa = PBXGroup;
			children = (
				29E609301D2238B100B529B0 /* CIStarter_iOS.app */,
				29E609441D2238B100B529B0 /* CIStarter_iOSTests.xctest */,
				29E6094F1D2238B100B529B0 /* CIStarter_iOSUITests.xctest */,
			);
			name = Products;
			sourceTree = "<group>";
		};
		29E609321D2238B100B529B0 /* CIStarter_iOS */ = {
			isa = PBXGroup;
			children = (
				29E609331D2238B100B529B0 /* AppDelegate.swift */,
				29E609351D2238B100B529B0 /* ViewController.swift */,
				29E609371D2238B100B529B0 /* Main.storyboard */,
				29E6093A1D2238B100B529B0 /* Assets.xcassets */,
				29E6093C1D2238B100B529B0 /* LaunchScreen.storyboard */,
				29E6093F1D2238B100B529B0 /* Info.plist */,
			);
			path = CIStarter_iOS;
			sourceTree = "<group>";
		};
		29E609471D2238B100B529B0 /* CIStarter_iOSTests */ = {
			isa = PBXGroup;
			children = (
				29E609481D2238B100B529B0 /* CIStarter_iOSTests.swift */,
				29E6094A1D2238B100B529B0 /* Info.plist */,
			);
			path = CIStarter_iOSTests;
			sourceTree = "<group>";
		};
		29E609521D2238B100B529B0 /* CIStarter_iOSUITests */ = {
			isa = PBXGroup;
			children = (
				29E609531D2238B100B529B0 /* CIStarter_iOSUITests.swift */,
				29E609551D2238B100B529B0 /* Info.plist */,
			);
			path = CIStarter_iOSUITests;
			sourceTree = "<group>";
		};
/* End PBXGroup section */

/* Begin PBXNativeTarget section */
		29E6092F1D2238B100B529B0 /* CIStarter_iOS */ = {
			isa = PBXNativeTarget;
			buildConfigurationList = 29E609581D2238B100B529B0 /* Build configuration list for PBXNativeTarget "CIStarter_iOS" */;
			buildPhases = (
				29E6092C1D2238B100B529B0 /* Sources */,
				29E6092D1D2238B100B529B0 /* Frameworks */,
				29E6092E1D2238B100B529B0 /* Resources */,
			);
			buildRules = (
			);
			dependencies = (
			);
			name = CIStarter_iOS;
			productName = CIStarter_iOS;
			productReference = 29E609301D2238B100B529B0 /* CIStarter_iOS.app */;
			productType = "com.apple.product-type.application";
		};
		29E609431D2238B100B529B0 /* CIStarter_iOSTests */ = {
			isa = PBXNativeTarget;
			buildConfigurationList = 29E6095B1D2238B100B529B0 /* Build configuration list for PBXNativeTarget "CIStarter_iOSTests" */;
			buildPhases = (
				29E609401D2238B100B529B0 /* Sources */,
				29E609411D2238B100B529B0 /* Frameworks */,
				29E609421D2238B100B529B0 /* Resources */,
			);
			buildRules = (
			);
			dependencies = (
				29E609461D2238B100B529B0 /* PBXTargetDependency */,
			);
			name = CIStarter_iOSTests;
			productName = CIStarter_iOSTests;
			productReference = 29E609441D2238B100B529B0 /* CIStarter_iOSTests.xctest */;
			productType = "com.apple.product-type.bundle.unit-test";
		};
		29E6094E1D2238B100B529B0 /* CIStarter_iOSUITests */ = {
			isa = PBXNativeTarget;
			buildConfigurationList = 29E6095E1D2238B100B529B0 /* Build configuration list for PBXNativeTarget "CIStarter_iOSUITests" */;
			buildPhases = (
				29E6094B1D2238B100B529B0 /* Sources */,
				29E6094C1D2238B100B529B0 /* Frameworks */,
				29E6094D1D2238B100B529B0 /* Resources */,
			);
			buildRules = (
			);
			dependencies = (
				29E609511D2238B100B529B0 /* PBXTargetDependency */,
			);
			name = CIStarter_iOSUITests;
			productName = CIStarter_iOSUITests;
			productReference = 29E6094F1D2238B100B529B0 /* CIStarter_iOSUITests.xctest */;
			productType = "com.apple.product-type.bundle.ui-testing";
		};
/* End PBXNativeTarget section */

/* Begin PBXProject section */
		29E609281D2238B100B529B0 /* Project object */ = {
			isa = PBXProject;
			attributes = {
				LastSwiftUpdateCheck = 0730;
				LastUpgradeCheck = 0730;
				ORGANIZATIONNAME = Dinosys;
				TargetAttributes = {
					29E6092F1D2238B100B529B0 = {
						CreatedOnToolsVersion = 7.3.1;
						DevelopmentTeam = P75L6RL67A;
					};
					29E609431D2238B100B529B0 = {
						CreatedOnToolsVersion = 7.3.1;
						TestTargetID = 29E6092F1D2238B100B529B0;
					};
					29E6094E1D2238B100B529B0 = {
						CreatedOnToolsVersion = 7.3.1;
						TestTargetID = 29E6092F1D2238B100B529B0;
					};
				};
			};
			buildConfigurationList = 29E6092B1D2238B100B529B0 /* Build configuration list for PBXProject "CIStarter_iOS" */;
			compatibilityVersion = "Xcode 3.2";
			developmentRegion = English;
			hasScannedForEncodings = 0;
			knownRegions = (
				en,
				Base,
			);
			mainGroup = 29E609271D2238B100B529B0;
			productRefGroup = 29E609311D2238B100B529B0 /* Products */;
			projectDirPath = "";
			projectRoot = "";
			targets = (
				29E6092F1D2238B100B529B0 /* CIStarter_iOS */,
				29E609431D2238B100B529B0 /* CIStarter_iOSTests */,
				29E6094E1D2238B100B529B0 /* CIStarter_iOSUITests */,
			);
		};
/* End PBXProject section */

/* Begin PBXResourcesBuildPhase section */
		29E6092E1D2238B100B529B0 /* Resources */ = {
			isa = PBXResourcesBuildPhase;
			buildActionMask = 2147483647;
			files = (
				29E6093E1D2238B100B529B0 /* LaunchScreen.storyboard in Resources */,
				29E6093B1D2238B100B529B0 /* Assets.xcassets in Resources */,
				29E609391D2238B100B529B0 /* Main.storyboard in Resources */,
			);
			runOnlyForDeploymentPostprocessing = 0;
		};
		29E609421D2238B100B529B0 /* Resources */ = {
			isa = PBXResourcesBuildPhase;
			buildActionMask = 2147483647;
			files = (
			);
			runOnlyForDeploymentPostprocessing = 0;
		};
		29E6094D1D2238B100B529B0 /* Resources */ = {
			isa = PBXResourcesBuildPhase;
			buildActionMask = 2147483647;
			files = (
			);
			runOnlyForDeploymentPostprocessing = 0;
		};
/* End PBXResourcesBuildPhase section */

/* Begin PBXSourcesBuildPhase section */
		29E6092C1D2238B100B529B0 /* Sources */ = {
			isa = PBXSourcesBuildPhase;
			buildActionMask = 2147483647;
			files = (
				29E609361D2238B100B529B0 /* ViewController.swift in Sources */,
				29E609341D2238B100B529B0 /* AppDelegate.swift in Sources */,
			);
			runOnlyForDeploymentPostprocessing = 0;
		};
		29E609401D2238B100B529B0 /* Sources */ = {
			isa = PBXSourcesBuildPhase;
			buildActionMask = 2147483647;
			files = (
				29E609491D2238B100B529B0 /* CIStarter_iOSTests.swift in Sources */,
			);
			runOnlyForDeploymentPostprocessing = 0;
		};
		29E6094B1D2238B100B529B0 /* Sources */ = {
			isa = PBXSourcesBuildPhase;
			buildActionMask = 2147483647;
			files = (
				29E609541D2238B100B529B0 /* CIStarter_iOSUITests.swift in Sources */,
			);
			runOnlyForDeploymentPostprocessing = 0;
		};
/* End PBXSourcesBuildPhase section */

/* Begin PBXTargetDependency section */
		29E609461D2238B100B529B0 /* PBXTargetDependency */ = {
			isa = PBXTargetDependency;
			target = 29E6092F1D2238B100B529B0 /* CIStarter_iOS */;
			targetProxy = 29E609451D2238B100B529B0 /* PBXContainerItemProxy */;
		};
		29E609511D2238B100B529B0 /* PBXTargetDependency */ = {
			isa = PBXTargetDependency;
			target = 29E6092F1D2238B100B529B0 /* CIStarter_iOS */;
			targetProxy = 29E609501D2238B100B529B0 /* PBXContainerItemProxy */;
		};
/* End PBXTargetDependency section */

/* Begin PBXVariantGroup section */
		29E609371D2238B100B529B0 /* Main.storyboard */ = {
			isa = PBXVariantGroup;
			children = (
				29E609381D2238B100B529B0 /* Base */,
			);
			name = Main.storyboard;
			sourceTree = "<group>";
		};
		29E6093C1D2238B100B529B0 /* LaunchScreen.storyboard */ = {
			isa = PBXVariantGroup;
			children = (
				29E6093D1D2238B100B529B0 /* Base */,
			);
			name = LaunchScreen.storyboard;
			sourceTree = "<group>";
		};
/* End PBXVariantGroup section */

/* Begin XCBuildConfiguration section */
		29E609561D2238B100B529B0 /* Debug */ = {
			isa = XCBuildConfiguration;
			buildSettings = {
				ALWAYS_SEARCH_USER_PATHS = NO;
				CLANG_ANALYZER_NONNULL = YES;
				CLANG_CXX_LANGUAGE_STANDARD = "gnu++0x";
				CLANG_CXX_LIBRARY = "libc++";
				CLANG_ENABLE_MODULES = YES;
				CLANG_ENABLE_OBJC_ARC = YES;
				CLANG_WARN_BOOL_CONVERSION = YES;
				CLANG_WARN_CONSTANT_CONVERSION = YES;
				CLANG_WARN_DIRECT_OBJC_ISA_USAGE = YES_ERROR;
				CLANG_WARN_EMPTY_BODY = YES;
				CLANG_WARN_ENUM_CONVERSION = YES;
				CLANG_WARN_INT_CONVERSION = YES;
				CLANG_WARN_OBJC_ROOT_CLASS = YES_ERROR;
				CLANG_WARN_UNREACHABLE_CODE = YES;
				CLANG_WARN__DUPLICATE_METHOD_MATCH = YES;
				"CODE_SIGN_IDENTITY[sdk=iphoneos*]" = "iPhone Developer";
				COPY_PHASE_STRIP = NO;
				DEBUG_INFORMATION_FORMAT = dwarf;
				ENABLE_STRICT_OBJC_MSGSEND = YES;
				ENABLE_TESTABILITY = YES;
				GCC_C_LANGUAGE_STANDARD = gnu99;
				GCC_DYNAMIC_NO_PIC = NO;
				GCC_NO_COMMON_BLOCKS = YES;
				GCC_OPTIMIZATION_LEVEL = 0;
				GCC_PREPROCESSOR_DEFINITIONS = (
					"DEBUG=1",
					"$(inherited)",
				);
				GCC_WARN_64_TO_32_BIT_CONVERSION = YES;
				GCC_WARN_ABOUT_RETURN_TYPE = YES_ERROR;
				GCC_WARN_UNDECLARED_SELECTOR = YES;
				GCC_WARN_UNINITIALIZED_AUTOS = YES_AGGRESSIVE;
				GCC_WARN_UNUSED_FUNCTION = YES;
				GCC_WARN_UNUSED_VARIABLE = YES;
				IPHONEOS_DEPLOYMENT_TARGET = 9.3;
				MTL_ENABLE_DEBUG_INFO = YES;
				ONLY_ACTIVE_ARCH = YES;
				SDKROOT = iphoneos;
				SWIFT_OPTIMIZATION_LEVEL = "-Onone";
				TARGETED_DEVICE_FAMILY = "1,2";
			};
			name = Debug;
		};
		29E609571D2238B100B529B0 /* Release */ = {
			isa = XCBuildConfiguration;
			buildSettings = {
				ALWAYS_SEARCH_USER_PATHS = NO;
				CLANG_ANALYZER_NONNULL = YES;
				CLANG_CXX_LANGUAGE_STANDARD = "gnu++0x";
				CLANG_CXX_LIBRARY = "libc++";
				CLANG_ENABLE_MODULES = YES;
				CLANG_ENABLE_OBJC_ARC = YES;
				CLANG_WARN_BOOL_CONVERSION = YES;
				CLANG_WARN_CONSTANT_CONVERSION = YES;
				CLANG_WARN_DIRECT_OBJC_ISA_USAGE = YES_ERROR;
				CLANG_WARN_EMPTY_BODY = YES;
				CLANG_WARN_ENUM_CONVERSION = YES;
				CLANG_WARN_INT_CONVERSION = YES;
				CLANG_WARN_OBJC_ROOT_CLASS = YES_ERROR;
				CLANG_WARN_UNREACHABLE_CODE = YES;
				CLANG_WARN__DUPLICATE_METHOD_MATCH = YES;
				"CODE_SIGN_IDENTITY[sdk=iphoneos*]" = "iPhone Developer";
				COPY_PHASE_STRIP = NO;
				DEBUG_INFORMATION_FORMAT = "dwarf-with-dsym";
				ENABLE_NS_ASSERTIONS = NO;
				ENABLE_STRICT_OBJC_MSGSEND = YES;
				GCC_C_LANGUAGE_STANDARD = gnu99;
				GCC_NO_COMMON_BLOCKS = YES;
				GCC_WARN_64_TO_32_BIT_CONVERSION = YES;
				GCC_WARN_ABOUT_RETURN_TYPE = YES_ERROR;
				GCC_WARN_UNDECLARED_SELECTOR = YES;
				GCC_WARN_UNINITIALIZED_AUTOS = YES_AGGRESSIVE;
				GCC_WARN_UNUSED_FUNCTION = YES;
				GCC_WARN_UNUSED_VARIABLE = YES;
				IPHONEOS_DEPLOYMENT_TARGET = 9.3;
				MTL_ENABLE_DEBUG_INFO = NO;
				SDKROOT = iphoneos;
				TARGETED_DEVICE_FAMILY = "1,2";
				VALIDATE_PRODUCT = YES;
			};
			name = Release;
		};
		29E609591D2238B100B529B0 /* Debug */ = {
			isa = XCBuildConfiguration;
			buildSettings = {
				ASSETCATALOG_COMPILER_APPICON_NAME = AppIcon;
				CODE_SIGN_IDENTITY = "iPhone Developer";
				INFOPLIST_FILE = CIStarter_iOS/Info.plist;
				LD_RUNPATH_SEARCH_PATHS = "$(inherited) @executable_path/Frameworks";
				PRODUCT_BUNDLE_IDENTIFIER = "com.dinosys.CIStarter-iOS";
				PRODUCT_NAME = "$(TARGET_NAME)";
			};
			name = Debug;
		};
		29E6095A1D2238B100B529B0 /* Release */ = {
			isa = XCBuildConfiguration;
			buildSettings = {
				ASSETCATALOG_COMPILER_APPICON_NAME = AppIcon;
				CODE_SIGN_IDENTITY = "iPhone Developer";
				INFOPLIST_FILE = CIStarter_iOS/Info.plist;
				LD_RUNPATH_SEARCH_PATHS = "$(inherited) @executable_path/Frameworks";
				PRODUCT_BUNDLE_IDENTIFIER = "com.dinosys.CIStarter-iOS";
				PRODUCT_NAME = "$(TARGET_NAME)";
			};
			name = Release;
		};
		29E6095C1D2238B100B529B0 /* Debug */ = {
			isa = XCBuildConfiguration;
			buildSettings = {
				BUNDLE_LOADER = "$(TEST_HOST)";
				INFOPLIST_FILE = CIStarter_iOSTests/Info.plist;
				LD_RUNPATH_SEARCH_PATHS = "$(inherited) @executable_path/Frameworks @loader_path/Frameworks";
				PRODUCT_BUNDLE_IDENTIFIER = "com.dinosys.CIStarter-iOSTests";
				PRODUCT_NAME = "$(TARGET_NAME)";
				TEST_HOST = "$(BUILT_PRODUCTS_DIR)/CIStarter_iOS.app/CIStarter_iOS";
			};
			name = Debug;
		};
		29E6095D1D2238B100B529B0 /* Release */ = {
			isa = XCBuildConfiguration;
			buildSettings = {
				BUNDLE_LOADER = "$(TEST_HOST)";
				INFOPLIST_FILE = CIStarter_iOSTests/Info.plist;
				LD_RUNPATH_SEARCH_PATHS = "$(inherited) @executable_path/Frameworks @loader_path/Frameworks";
				PRODUCT_BUNDLE_IDENTIFIER = "com.dinosys.CIStarter-iOSTests";
				PRODUCT_NAME = "$(TARGET_NAME)";
				TEST_HOST = "$(BUILT_PRODUCTS_DIR)/CIStarter_iOS.app/CIStarter_iOS";
			};
			name = Release;
		};
		29E6095F1D2238B100B529B0 /* Debug */ = {
			isa = XCBuildConfiguration;
			buildSettings = {
				INFOPLIST_FILE = CIStarter_iOSUITests/Info.plist;
				LD_RUNPATH_SEARCH_PATHS = "$(inherited) @executable_path/Frameworks @loader_path/Frameworks";
				PRODUCT_BUNDLE_IDENTIFIER = "com.dinosys.CIStarter-iOSUITests";
				PRODUCT_NAME = "$(TARGET_NAME)";
				TEST_TARGET_NAME = CIStarter_iOS;
			};
			name = Debug;
		};
		29E609601D2238B100B529B0 /* Release */ = {
			isa = XCBuildConfiguration;
			buildSettings = {
				INFOPLIST_FILE = CIStarter_iOSUITests/Info.plist;
				LD_RUNPATH_SEARCH_PATHS = "$(inherited) @executable_path/Frameworks @loader_path/Frameworks";
				PRODUCT_BUNDLE_IDENTIFIER = "com.dinosys.CIStarter-iOSUITests";
				PRODUCT_NAME = "$(TARGET_NAME)";
				TEST_TARGET_NAME = CIStarter_iOS;
			};
			name = Release;
		};
/* End XCBuildConfiguration section */

/* Begin XCConfigurationList section */
		29E6092B1D2238B100B529B0 /* Build configuration list for PBXProject "CIStarter_iOS" */ = {
			isa = XCConfigurationList;
			buildConfigurations = (
				29E609561D2238B100B529B0 /* Debug */,
				29E609571D2238B100B529B0 /* Release */,
			);
			defaultConfigurationIsVisible = 0;
			defaultConfigurationName = Release;
		};
		29E609581D2238B100B529B0 /* Build configuration list for PBXNativeTarget "CIStarter_iOS" */ = {
			isa = XCConfigurationList;
			buildConfigurations = (
				29E609591D2238B100B529B0 /* Debug */,
				29E6095A1D2238B100B529B0 /* Release */,
			);
			defaultConfigurationIsVisible = 0;
		};
		29E6095B1D2238B100B529B0 /* Build configuration list for PBXNativeTarget "CIStarter_iOSTests" */ = {
			isa = XCConfigurationList;
			buildConfigurations = (
				29E6095C1D2238B100B529B0 /* Debug */,
				29E6095D1D2238B100B529B0 /* Release */,
			);
			defaultConfigurationIsVisible = 0;
		};
		29E6095E1D2238B100B529B0 /* Build configuration list for PBXNativeTarget "CIStarter_iOSUITests" */ = {
			isa = XCConfigurationList;
			buildConfigurations = (
				29E6095F1D2238B100B529B0 /* Debug */,
				29E609601D2238B100B529B0 /* Release */,
			);
			defaultConfigurationIsVisible = 0;
		};
/* End XCConfigurationList section */
	};
	rootObject = 29E609281D2238B100B529B0 /* Project object */;
}
